{
  "name": "frontend-demo",
  "version": "1.0.0",
  "lockfileVersion": 1,
  "requires": true,
  "dependencies": {
    "@material/animation": {
      "version": "8.0.0-canary.774dcfc8e.0",
      "resolved": "https://registry.npmjs.org/@material/animation/-/animation-8.0.0-canary.774dcfc8e.0.tgz",
      "integrity": "sha512-h8pGWQy5mZ7yNveKGSwxP1pRV9wGs6hjXiOR5nS0NePjfIgRsqUBnSwNKW5TcP/ThPtnATbq0FfARs+ugHdFqA==",
      "requires": {
        "tslib": "^1.9.3"
      }
    },
    "@material/base": {
      "version": "8.0.0-canary.774dcfc8e.0",
      "resolved": "https://registry.npmjs.org/@material/base/-/base-8.0.0-canary.774dcfc8e.0.tgz",
      "integrity": "sha512-638e0T0WUlsAW21hgFhMNN/MnCErKmuovzJjA/vwrhPRHKtxrIuTIkmX2G1yQ7LlNQWhKG7W32g9KNd06+PNGA==",
      "requires": {
        "tslib": "^1.9.3"
      }
    },
    "@material/dom": {
      "version": "8.0.0-canary.774dcfc8e.0",
      "resolved": "https://registry.npmjs.org/@material/dom/-/dom-8.0.0-canary.774dcfc8e.0.tgz",
      "integrity": "sha512-SHrc5zNOoWR2b9nShcv/A2D2C67beBdCS/KDPzezCpi0UfJYZVcjf9EmYDpNhZHh9jil3BiDvldknHazLGkqWA==",
      "requires": {
        "@material/feature-targeting": "8.0.0-canary.774dcfc8e.0",
        "tslib": "^1.9.3"
      }
    },
    "@material/feature-targeting": {
      "version": "8.0.0-canary.774dcfc8e.0",
      "resolved": "https://registry.npmjs.org/@material/feature-targeting/-/feature-targeting-8.0.0-canary.774dcfc8e.0.tgz",
      "integrity": "sha512-XcCJOCZbk2kg41dTIvWd1iEJzl4rtGJ6ZK4o/FWQbczDJUcKN35je0+d/a/DvEh22t2Tj9M96n8HmTkS447Rhw=="
    },
    "@material/mwc-base": {
      "version": "0.19.1",
      "resolved": "https://registry.npmjs.org/@material/mwc-base/-/mwc-base-0.19.1.tgz",
      "integrity": "sha512-tYih18Fd99nURPN8ulzibIUeCUo/Wv1ScQIWYZtDkXwOiEvDJDYm0jDO96bOMRZK8aIvW/URspbUoa/RkK2yYw==",
      "requires": {
        "@material/base": "=8.0.0-canary.774dcfc8e.0",
        "@material/dom": "=8.0.0-canary.774dcfc8e.0",
        "lit-element": "^2.3.0",
        "tslib": "^1.10.0"
      }
    },
    "@material/mwc-button": {
      "version": "0.19.1",
      "resolved": "https://registry.npmjs.org/@material/mwc-button/-/mwc-button-0.19.1.tgz",
      "integrity": "sha512-3aLW2rbV9dp1F9729Uj/2CCY9j6um5OOa9p6uTPOQ29w7Z0u0yvKv2vJ7a/eZlKZUrdR52az4SzsviVPz7918g==",
      "requires": {
        "@material/mwc-icon": "^0.19.1",
        "@material/mwc-ripple": "^0.19.1",
        "lit-element": "^2.3.0",
        "lit-html": "^1.1.2",
        "tslib": "^1.10.0"
      }
    },
    "@material/mwc-icon": {
      "version": "0.19.1",
      "resolved": "https://registry.npmjs.org/@material/mwc-icon/-/mwc-icon-0.19.1.tgz",
      "integrity": "sha512-MM3Qz3Inkyo4gU5bHDp/o9TEk9K53Y+glbJGiAUj1dAisrRSwptd7xagROzzmVKlcxN+OHqBOGLFx49ztFP/7Q==",
      "requires": {
        "lit-element": "^2.3.0",
        "tslib": "^1.10.0"
      }
    },
    "@material/mwc-ripple": {
      "version": "0.19.1",
      "resolved": "https://registry.npmjs.org/@material/mwc-ripple/-/mwc-ripple-0.19.1.tgz",
      "integrity": "sha512-nrT7tNMsDV2Qx0dyYfFAQy5Rwogtip4UCX2CpHL4A5o9Ba1XHiEqy/CRZmijjxTK6FO1l+20efKPYE4jNlZk6w==",
      "requires": {
        "@material/dom": "=8.0.0-canary.774dcfc8e.0",
        "@material/mwc-base": "^0.19.1",
        "@material/ripple": "=8.0.0-canary.774dcfc8e.0",
        "lit-element": "^2.3.0",
        "lit-html": "^1.1.2",
        "tslib": "^1.10.0"
      }
    },
    "@material/ripple": {
      "version": "8.0.0-canary.774dcfc8e.0",
      "resolved": "https://registry.npmjs.org/@material/ripple/-/ripple-8.0.0-canary.774dcfc8e.0.tgz",
      "integrity": "sha512-mxfa+aNQuCJ6wQbjfs2k7hxHuCcISfGU9hJixTTykJqKeE1h3N045TxTyVSeroXf38SyWA4T2303/W7nkPbJpg==",
      "requires": {
        "@material/animation": "8.0.0-canary.774dcfc8e.0",
        "@material/base": "8.0.0-canary.774dcfc8e.0",
        "@material/dom": "8.0.0-canary.774dcfc8e.0",
        "@material/feature-targeting": "8.0.0-canary.774dcfc8e.0",
        "@material/theme": "8.0.0-canary.774dcfc8e.0",
        "tslib": "^1.9.3"
      }
    },
    "@material/theme": {
      "version": "8.0.0-canary.774dcfc8e.0",
      "resolved": "https://registry.npmjs.org/@material/theme/-/theme-8.0.0-canary.774dcfc8e.0.tgz",
      "integrity": "sha512-dGQHZ5nHVdgdmG/PtD6A/oJifWdou1Kx3JAu0D8JtopdyUrNFKHU24qj6SIto7LLm+pa05RPnfxSHWsBvDyLTA==",
      "requires": {
        "@material/feature-targeting": "8.0.0-canary.774dcfc8e.0"
      }
    },
    "lit-element": {
      "version": "2.4.0",
      "resolved": "https://registry.npmjs.org/lit-element/-/lit-element-2.4.0.tgz",
      "integrity": "sha512-pBGLglxyhq/Prk2H91nA0KByq/hx/wssJBQFiYqXhGDvEnY31PRGYf1RglVzyLeRysu0IHm2K0P196uLLWmwFg==",
      "requires": {
        "lit-html": "^1.1.1"
      }
    },
    "lit-html": {
      "version": "1.3.0",
      "resolved": "https://registry.npmjs.org/lit-html/-/lit-html-1.3.0.tgz",
      "integrity": "sha512-0Q1bwmaFH9O14vycPHw8C/IeHMk/uSDldVLIefu/kfbTBGIc44KGH6A8p1bDfxUfHdc8q6Ct7kQklWoHgr4t1Q=="
    },
    "tslib": {
      "version": "1.14.1",
      "resolved": "https://registry.npmjs.org/tslib/-/tslib-1.14.1.tgz",
      "integrity": "sha512-Xni35NKzjgMrwevysHTCArtLDpPvye8zV/0E4EyYn43P7/7qvQwPh9BGkHewbMulVntbigmcT7rdX3BNo9wRJg=="
    }
  }
}
